
Microsoft Visual Studio Solution File, Format Version 12.00
# Visual Studio 15
VisualStudioVersion = 15.0.28307.572
MinimumVisualStudioVersion = 10.0.40219.1
Project("{FAE04EC0-301F-11D3-BF4B-00C04F79EFBC}") = "INote.API", "INote.API\INote.API.csproj", "{5F09E354-363F-4CFE-B830-B394FA2E69EE}"
EndProject
Project("{FAE04EC0-301F-11D3-BF4B-00C04F79EFBC}") = "INote.UI", "INote.UI\INote.UI.csproj", "{06339E1F-2B7D-4D84-A073-1665BAE9182E}"
EndProject
Global
	GlobalSection(SolutionConfigurationPlatforms) = preSolution
		Debug|Any CPU = Debug|Any CPU
		Release|Any CPU = Release|Any CPU
	EndGlobalSection
	GlobalSection(ProjectConfigurationPlatforms) = postSolution
		{5F09E354-363F-4CFE-B830-B394FA2E69EE}.Debug|Any CPU.ActiveCfg = Debug|Any CPU
		{5F09E354-363F-4CFE-B830-B394FA2E69EE}.Debug|Any CPU.Build.0 = Debug|Any CPU
		{5F09E354-363F-4CFE-B830-B394FA2E69EE}.Release|Any CPU.ActiveCfg = Release|Any CPU
		{5F09E354-363F-4CFE-B830-B394FA2E69EE}.Release|Any CPU.Build.0 = Release|Any CPU
		{06339E1F-2B7D-4D84-A073-1665BAE9182E}.Debug|Any CPU.ActiveCfg = Debug|Any CPU
		{06339E1F-2B7D-4D84-A073-1665BAE9182E}.Debug|Any CPU.Build.0 = Debug|Any CPU
		{06339E1F-2B7D-4D84-A073-1665BAE9182E}.Release|Any CPU.ActiveCfg = Release|Any CPU
		{06339E1F-2B7D-4D84-A073-1665BAE9182E}.Release|Any CPU.Build.0 = Release|Any CPU
	EndGlobalSection
	GlobalSection(SolutionProperties) = preSolution
		HideSolutionNode = FALSE
	EndGlobalSection
	GlobalSection(ExtensibilityGlobals) = postSolution
		SolutionGuid = {1ECC5B02-62DE-4369-A915-3E8ECC19646C}
	EndGlobalSection
EndGlobal
